// !$*UTF8*$!
{
	archiveVersion = 1;
	classes = {
	};
	objectVersion = 46;
	objects = {

/* Begin PBXBuildFile section */
		64C1D56B1BEDB52400279809 /* Foundation.framework in Frameworks */ = {isa = PBXBuildFile; fileRef = 64C1D56A1BEDB52400279809 /* Foundation.framework */; };
		64C1D56D1BEDB52400279809 /* CoreGraphics.framework in Frameworks */ = {isa = PBXBuildFile; fileRef = 64C1D56C1BEDB52400279809 /* CoreGraphics.framework */; };
		64C1D56F1BEDB52400279809 /* UIKit.framework in Frameworks */ = {isa = PBXBuildFile; fileRef = 64C1D56E1BEDB52400279809 /* UIKit.framework */; };
		64C1D5751BEDB52400279809 /* InfoPlist.strings in Resources */ = {isa = PBXBuildFile; fileRef = 64C1D5731BEDB52400279809 /* InfoPlist.strings */; };
		64C1D5771BEDB52400279809 /* main.m in Sources */ = {isa = PBXBuildFile; fileRef = 64C1D5761BEDB52400279809 /* main.m */; };
		64C1D57B1BEDB52400279809 /* AppDelegate.m in Sources */ = {isa = PBXBuildFile; fileRef = 64C1D57A1BEDB52400279809 /* AppDelegate.m */; };
		64C1D57E1BEDB52400279809 /* Main_iPhone.storyboard in Resources */ = {isa = PBXBuildFile; fileRef = 64C1D57C1BEDB52400279809 /* Main_iPhone.storyboard */; };
		64C1D5811BEDB52400279809 /* Main_iPad.storyboard in Resources */ = {isa = PBXBuildFile; fileRef = 64C1D57F1BEDB52400279809 /* Main_iPad.storyboard */; };
		64C1D5841BEDB52400279809 /* ViewController.m in Sources */ = {isa = PBXBuildFile; fileRef = 64C1D5831BEDB52400279809 /* ViewController.m */; };
		64C1D5861BEDB52400279809 /* Images.xcassets in Resources */ = {isa = PBXBuildFile; fileRef = 64C1D5851BEDB52400279809 /* Images.xcassets */; };
		64C1D58D1BEDB52400279809 /* XCTest.framework in Frameworks */ = {isa = PBXBuildFile; fileRef = 64C1D58C1BEDB52400279809 /* XCTest.framework */; };
		64C1D58E1BEDB52400279809 /* Foundation.framework in Frameworks */ = {isa = PBXBuildFile; fileRef = 64C1D56A1BEDB52400279809 /* Foundation.framework */; };
		64C1D58F1BEDB52400279809 /* UIKit.framework in Frameworks */ = {isa = PBXBuildFile; fileRef = 64C1D56E1BEDB52400279809 /* UIKit.framework */; };
		64C1D5971BEDB52400279809 /* InfoPlist.strings in Resources */ = {isa = PBXBuildFile; fileRef = 64C1D5951BEDB52400279809 /* InfoPlist.strings */; };
		64C1D5991BEDB52400279809 /* intern1Tests.m in Sources */ = {isa = PBXBuildFile; fileRef = 64C1D5981BEDB52400279809 /* intern1Tests.m */; };
/* End PBXBuildFile section */

/* Begin PBXContainerItemProxy section */
		64C1D5901BEDB52400279809 /* PBXContainerItemProxy */ = {
			isa = PBXContainerItemProxy;
			containerPortal = 64C1D55F1BEDB52400279809 /* Project object */;
			proxyType = 1;
			remoteGlobalIDString = 64C1D5661BEDB52400279809;
			remoteInfo = intern1;
		};
/* End PBXContainerItemProxy section */

/* Begin PBXFileReference section */
		64C1D5671BEDB52400279809 /* intern1.app */ = {isa = PBXFileReference; explicitFileType = wrapper.application; includeInIndex = 0; path = intern1.app; sourceTree = BUILT_PRODUCTS_DIR; };
		64C1D56A1BEDB52400279809 /* Foundation.framework */ = {isa = PBXFileReference; lastKnownFileType = wrapper.framework; name = Foundation.framework; path = System/Library/Frameworks/Foundation.framework; sourceTree = SDKROOT; };
		64C1D56C1BEDB52400279809 /* CoreGraphics.framework */ = {isa = PBXFileReference; lastKnownFileType = wrapper.framework; name = CoreGraphics.framework; path = System/Library/Frameworks/CoreGraphics.framework; sourceTree = SDKROOT; };
		64C1D56E1BEDB52400279809 /* UIKit.framework */ = {isa = PBXFileReference; lastKnownFileType = wrapper.framework; name = UIKit.framework; path = System/Library/Frameworks/UIKit.framework; sourceTree = SDKROOT; };
		64C1D5721BEDB52400279809 /* intern1-Info.plist */ = {isa = PBXFileReference; lastKnownFileType = text.plist.xml; path = "intern1-Info.plist"; sourceTree = "<group>"; };
		64C1D5741BEDB52400279809 /* en */ = {isa = PBXFileReference; lastKnownFileType = text.plist.strings; name = en; path = en.lproj/InfoPlist.strings; sourceTree = "<group>"; };
		64C1D5761BEDB52400279809 /* main.m */ = {isa = PBXFileReference; lastKnownFileType = sourcecode.c.objc; path = main.m; sourceTree = "<group>"; };
		64C1D5781BEDB52400279809 /* intern1-Prefix.pch */ = {isa = PBXFileReference; lastKnownFileType = sourcecode.c.h; path = "intern1-Prefix.pch"; sourceTree = "<group>"; };
		64C1D5791BEDB52400279809 /* AppDelegate.h */ = {isa = PBXFileReference; lastKnownFileType = sourcecode.c.h; path = AppDelegate.h; sourceTree = "<group>"; };
		64C1D57A1BEDB52400279809 /* AppDelegate.m */ = {isa = PBXFileReference; lastKnownFileType = sourcecode.c.objc; path = AppDelegate.m; sourceTree = "<group>"; };
		64C1D57D1BEDB52400279809 /* Base */ = {isa = PBXFileReference; lastKnownFileType = file.storyboard; name = Base; path = Base.lproj/Main_iPhone.storyboard; sourceTree = "<group>"; };
		64C1D5801BEDB52400279809 /* Base */ = {isa = PBXFileReference; lastKnownFileType = file.storyboard; name = Base; path = Base.lproj/Main_iPad.storyboard; sourceTree = "<group>"; };
		64C1D5821BEDB52400279809 /* ViewController.h */ = {isa = PBXFileReference; lastKnownFileType = sourcecode.c.h; path = ViewController.h; sourceTree = "<group>"; };
		64C1D5831BEDB52400279809 /* ViewController.m */ = {isa = PBXFileReference; lastKnownFileType = sourcecode.c.objc; path = ViewController.m; sourceTree = "<group>"; };
		64C1D5851BEDB52400279809 /* Images.xcassets */ = {isa = PBXFileReference; lastKnownFileType = folder.assetcatalog; path = Images.xcassets; sourceTree = "<group>"; };
		64C1D58B1BEDB52400279809 /* intern1Tests.xctest */ = {isa = PBXFileReference; explicitFileType = wrapper.cfbundle; includeInIndex = 0; path = intern1Tests.xctest; sourceTree = BUILT_PRODUCTS_DIR; };
		64C1D58C1BEDB52400279809 /* XCTest.framework */ = {isa = PBXFileReference; lastKnownFileType = wrapper.framework; name = XCTest.framework; path = Library/Frameworks/XCTest.framework; sourceTree = DEVELOPER_DIR; };
		64C1D5941BEDB52400279809 /* intern1Tests-Info.plist */ = {isa = PBXFileReference; lastKnownFileType = text.plist.xml; path = "intern1Tests-Info.plist"; sourceTree = "<group>"; };
		64C1D5961BEDB52400279809 /* en */ = {isa = PBXFileReference; lastKnownFileType = text.plist.strings; name = en; path = en.lproj/InfoPlist.strings; sourceTree = "<group>"; };
		64C1D5981BEDB52400279809 /* intern1Tests.m */ = {isa = PBXFileReference; lastKnownFileType = sourcecode.c.objc; path = intern1Tests.m; sourceTree = "<group>"; };
/* End PBXFileReference section */

/* Begin PBXFrameworksBuildPhase section */
		64C1D5641BEDB52400279809 /* Frameworks */ = {
			isa = PBXFrameworksBuildPhase;
			buildActionMask = 2147483647;
			files = (
				64C1D56D1BEDB52400279809 /* CoreGraphics.framework in Frameworks */,
				64C1D56F1BEDB52400279809 /* UIKit.framework in Frameworks */,
				64C1D56B1BEDB52400279809 /* Foundation.framework in Frameworks */,
			);
			runOnlyForDeploymentPostprocessing = 0;
		};
		64C1D5881BEDB52400279809 /* Frameworks */ = {
			isa = PBXFrameworksBuildPhase;
			buildActionMask = 2147483647;
			files = (
				64C1D58D1BEDB52400279809 /* XCTest.framework in Frameworks */,
				64C1D58F1BEDB52400279809 /* UIKit.framework in Frameworks */,
				64C1D58E1BEDB52400279809 /* Foundation.framework in Frameworks */,
			);
			runOnlyForDeploymentPostprocessing = 0;
		};
/* End PBXFrameworksBuildPhase section */

/* Begin PBXGroup section */
		64C1D55E1BEDB52400279809 = {
			isa = PBXGroup;
			children = (
				64C1D5701BEDB52400279809 /* intern1 */,
				64C1D5921BEDB52400279809 /* intern1Tests */,
				64C1D5691BEDB52400279809 /* Frameworks */,
				64C1D5681BEDB52400279809 /* Products */,
			);
			sourceTree = "<group>";
		};
		64C1D5681BEDB52400279809 /* Products */ = {
			isa = PBXGroup;
			children = (
				64C1D5671BEDB52400279809 /* intern1.app */,
				64C1D58B1BEDB52400279809 /* intern1Tests.xctest */,
			);
			name = Products;
			sourceTree = "<group>";
		};
		64C1D5691BEDB52400279809 /* Frameworks */ = {
			isa = PBXGroup;
			children = (
				64C1D56A1BEDB52400279809 /* Foundation.framework */,
				64C1D56C1BEDB52400279809 /* CoreGraphics.framework */,
				64C1D56E1BEDB52400279809 /* UIKit.framework */,
				64C1D58C1BEDB52400279809 /* XCTest.framework */,
			);
			name = Frameworks;
			sourceTree = "<group>";
		};
		64C1D5701BEDB52400279809 /* intern1 */ = {
			isa = PBXGroup;
			children = (
				64C1D5791BEDB52400279809 /* AppDelegate.h */,
				64C1D57A1BEDB52400279809 /* AppDelegate.m */,
				64C1D57C1BEDB52400279809 /* Main_iPhone.storyboard */,
				64C1D57F1BEDB52400279809 /* Main_iPad.storyboard */,
				64C1D5821BEDB52400279809 /* ViewController.h */,
				64C1D5831BEDB52400279809 /* ViewController.m */,
				64C1D5851BEDB52400279809 /* Images.xcassets */,
				64C1D5711BEDB52400279809 /* Supporting Files */,
			);
			path = intern1;
			sourceTree = "<group>";
		};
		64C1D5711BEDB52400279809 /* Supporting Files */ = {
			isa = PBXGroup;
			children = (
				64C1D5721BEDB52400279809 /* intern1-Info.plist */,
				64C1D5731BEDB52400279809 /* InfoPlist.strings */,
				64C1D5761BEDB52400279809 /* main.m */,
				64C1D5781BEDB52400279809 /* intern1-Prefix.pch */,
			);
			name = "Supporting Files";
			sourceTree = "<group>";
		};
		64C1D5921BEDB52400279809 /* intern1Tests */ = {
			isa = PBXGroup;
			children = (
				64C1D5981BEDB52400279809 /* intern1Tests.m */,
				64C1D5931BEDB52400279809 /* Supporting Files */,
			);
			path = intern1Tests;
			sourceTree = "<group>";
		};
		64C1D5931BEDB52400279809 /* Supporting Files */ = {
			isa = PBXGroup;
			children = (
				64C1D5941BEDB52400279809 /* intern1Tests-Info.plist */,
				64C1D5951BEDB52400279809 /* InfoPlist.strings */,
			);
			name = "Supporting Files";
			sourceTree = "<group>";
		};
/* End PBXGroup section */

/* Begin PBXNativeTarget section */
		64C1D5661BEDB52400279809 /* intern1 */ = {
			isa = PBXNativeTarget;
			buildConfigurationList = 64C1D59C1BEDB52400279809 /* Build configuration list for PBXNativeTarget "intern1" */;
			buildPhases = (
				64C1D5631BEDB52400279809 /* Sources */,
				64C1D5641BEDB52400279809 /* Frameworks */,
				64C1D5651BEDB52400279809 /* Resources */,
			);
			buildRules = (
			);
			dependencies = (
			);
			name = intern1;
			productName = intern1;
			productReference = 64C1D5671BEDB52400279809 /* intern1.app */;
			productType = "com.apple.product-type.application";
		};
		64C1D58A1BEDB52400279809 /* intern1Tests */ = {
			isa = PBXNativeTarget;
			buildConfigurationList = 64C1D59F1BEDB52400279809 /* Build configuration list for PBXNativeTarget "intern1Tests" */;
			buildPhases = (
				64C1D5871BEDB52400279809 /* Sources */,
				64C1D5881BEDB52400279809 /* Frameworks */,
				64C1D5891BEDB52400279809 /* Resources */,
			);
			buildRules = (
			);
			dependencies = (
				64C1D5911BEDB52400279809 /* PBXTargetDependency */,
			);
			name = intern1Tests;
			productName = intern1Tests;
			productReference = 64C1D58B1BEDB52400279809 /* intern1Tests.xctest */;
			productType = "com.apple.product-type.bundle.unit-test";
		};
/* End PBXNativeTarget section */

/* Begin PBXProject section */
		64C1D55F1BEDB52400279809 /* Project object */ = {
			isa = PBXProject;
			attributes = {
				LastUpgradeCheck = 0510;
				ORGANIZATIONNAME = "Sneha Silwal";
				TargetAttributes = {
					64C1D58A1BEDB52400279809 = {
						TestTargetID = 64C1D5661BEDB52400279809;
					};
				};
			};
			buildConfigurationList = 64C1D5621BEDB52400279809 /* Build configuration list for PBXProject "intern1" */;
			compatibilityVersion = "Xcode 3.2";
			developmentRegion = English;
			hasScannedForEncodings = 0;
			knownRegions = (
				en,
				Base,
			);
			mainGroup = 64C1D55E1BEDB52400279809;
			productRefGroup = 64C1D5681BEDB52400279809 /* Products */;
			projectDirPath = "";
			projectRoot = "";
			targets = (
				64C1D5661BEDB52400279809 /* intern1 */,
				64C1D58A1BEDB52400279809 /* intern1Tests */,
			);
		};
/* End PBXProject section */

/* Begin PBXResourcesBuildPhase section */
		64C1D5651BEDB52400279809 /* Resources */ = {
			isa = PBXResourcesBuildPhase;
			buildActionMask = 2147483647;
			files = (
				64C1D5811BEDB52400279809 /* Main_iPad.storyboard in Resources */,
				64C1D5861BEDB52400279809 /* Images.xcassets in Resources */,
				64C1D57E1BEDB52400279809 /* Main_iPhone.storyboard in Resources */,
				64C1D5751BEDB52400279809 /* InfoPlist.strings in Resources */,
			);
			runOnlyForDeploymentPostprocessing = 0;
		};
		64C1D5891BEDB52400279809 /* Resources */ = {
			isa = PBXResourcesBuildPhase;
			buildActionMask = 2147483647;
			files = (
				64C1D5971BEDB52400279809 /* InfoPlist.strings in Resources */,
			);
			runOnlyForDeploymentPostprocessing = 0;
		};
/* End PBXResourcesBuildPhase section */

/* Begin PBXSourcesBuildPhase section */
		64C1D5631BEDB52400279809 /* Sources */ = {
			isa = PBXSourcesBuildPhase;
			buildActionMask = 2147483647;
			files = (
				64C1D5841BEDB52400279809 /* ViewController.m in Sources */,
				64C1D57B1BEDB52400279809 /* AppDelegate.m in Sources */,
				64C1D5771BEDB52400279809 /* main.m in Sources */,
			);
			runOnlyForDeploymentPostprocessing = 0;
		};
		64C1D5871BEDB52400279809 /* Sources */ = {
			isa = PBXSourcesBuildPhase;
			buildActionMask = 2147483647;
			files = (
				64C1D5991BEDB52400279809 /* intern1Tests.m in Sources */,
			);
			runOnlyForDeploymentPostprocessing = 0;
		};
/* End PBXSourcesBuildPhase section */

/* Begin PBXTargetDependency section */
		64C1D5911BEDB52400279809 /* PBXTargetDependency */ = {
			isa = PBXTargetDependency;
			target = 64C1D5661BEDB52400279809 /* intern1 */;
			targetProxy = 64C1D5901BEDB52400279809 /* PBXContainerItemProxy */;
		};
/* End PBXTargetDependency section */

/* Begin PBXVariantGroup section */
		64C1D5731BEDB52400279809 /* InfoPlist.strings */ = {
			isa = PBXVariantGroup;
			children = (
				64C1D5741BEDB52400279809 /* en */,
			);
			name = InfoPlist.strings;
			sourceTree = "<group>";
		};
		64C1D57C1BEDB52400279809 /* Main_iPhone.storyboard */ = {
			isa = PBXVariantGroup;
			children = (
				64C1D57D1BEDB52400279809 /* Base */,
			);
			name = Main_iPhone.storyboard;
			sourceTree = "<group>";
		};
		64C1D57F1BEDB52400279809 /* Main_iPad.storyboard */ = {
			isa = PBXVariantGroup;
			children = (
				64C1D5801BEDB52400279809 /* Base */,
			);
			name = Main_iPad.storyboard;
			sourceTree = "<group>";
		};
		64C1D5951BEDB52400279809 /* InfoPlist.strings */ = {
			isa = PBXVariantGroup;
			children = (
				64C1D5961BEDB52400279809 /* en */,
			);
			name = InfoPlist.strings;
			sourceTree = "<group>";
		};
/* End PBXVariantGroup section */

/* Begin XCBuildConfiguration section */
		64C1D59A1BEDB52400279809 /* Debug */ = {
			isa = XCBuildConfiguration;
			buildSettings = {
				ALWAYS_SEARCH_USER_PATHS = NO;
				CLANG_CXX_LANGUAGE_STANDARD = "gnu++0x";
				CLANG_CXX_LIBRARY = "libc++";
				CLANG_ENABLE_MODULES = YES;
				CLANG_ENABLE_OBJC_ARC = YES;
				CLANG_WARN_BOOL_CONVERSION = YES;
				CLANG_WARN_CONSTANT_CONVERSION = YES;
				CLANG_WARN_DIRECT_OBJC_ISA_USAGE = YES_ERROR;
				CLANG_WARN_EMPTY_BODY = YES;
				CLANG_WARN_ENUM_CONVERSION = YES;
				CLANG_WARN_INT_CONVERSION = YES;
				CLANG_WARN_OBJC_ROOT_CLASS = YES_ERROR;
				CLANG_WARN__DUPLICATE_METHOD_MATCH = YES;
				"CODE_SIGN_IDENTITY[sdk=iphoneos*]" = "iPhone Developer";
				COPY_PHASE_STRIP = NO;
				GCC_C_LANGUAGE_STANDARD = gnu99;
				GCC_DYNAMIC_NO_PIC = NO;
				GCC_OPTIMIZATION_LEVEL = 0;
				GCC_PREPROCESSOR_DEFINITIONS = (
					"DEBUG=1",
					"$(inherited)",
				);
				GCC_SYMBOLS_PRIVATE_EXTERN = NO;
				GCC_WARN_64_TO_32_BIT_CONVERSION = YES;
				GCC_WARN_ABOUT_RETURN_TYPE = YES_ERROR;
				GCC_WARN_UNDECLARED_SELECTOR = YES;
				GCC_WARN_UNINITIALIZED_AUTOS = YES_AGGRESSIVE;
				GCC_WARN_UNUSED_FUNCTION = YES;
				GCC_WARN_UNUSED_VARIABLE = YES;
				IPHONEOS_DEPLOYMENT_TARGET = 7.1;
				ONLY_ACTIVE_ARCH = YES;
				SDKROOT = iphoneos;
				TARGETED_DEVICE_FAMILY = "1,2";
			};
			name = Debug;
		};
		64C1D59B1BEDB52400279809 /* Release */ = {
			isa = XCBuildConfiguration;
			buildSettings = {
				ALWAYS_SEARCH_USER_PATHS = NO;
				CLANG_CXX_LANGUAGE_STANDARD = "gnu++0x";
				CLANG_CXX_LIBRARY = "libc++";
				CLANG_ENABLE_MODULES = YES;
				CLANG_ENABLE_OBJC_ARC = YES;
				CLANG_WARN_BOOL_CONVERSION = YES;
				CLANG_WARN_CONSTANT_CONVERSION = YES;
				CLANG_WARN_DIRECT_OBJC_ISA_USAGE = YES_ERROR;
				CLANG_WARN_EMPTY_BODY = YES;
				CLANG_WARN_ENUM_CONVERSION = YES;
				CLANG_WARN_INT_CONVERSION = YES;
				CLANG_WARN_OBJC_ROOT_CLASS = YES_ERROR;
				CLANG_WARN__DUPLICATE_METHOD_MATCH = YES;
				"CODE_SIGN_IDENTITY[sdk=iphoneos*]" = "iPhone Developer";
				COPY_PHASE_STRIP = YES;
				ENABLE_NS_ASSERTIONS = NO;
				GCC_C_LANGUAGE_STANDARD = gnu99;
				GCC_WARN_64_TO_32_BIT_CONVERSION = YES;
				GCC_WARN_ABOUT_RETURN_TYPE = YES_ERROR;
				GCC_WARN_UNDECLARED_SELECTOR = YES;
				GCC_WARN_UNINITIALIZED_AUTOS = YES_AGGRESSIVE;
				GCC_WARN_UNUSED_FUNCTION = YES;
				GCC_WARN_UNUSED_VARIABLE = YES;
				IPHONEOS_DEPLOYMENT_TARGET = 7.1;
				SDKROOT = iphoneos;
				TARGETED_DEVICE_FAMILY = "1,2";
				VALIDATE_PRODUCT = YES;
			};
			name = Release;
		};
		64C1D59D1BEDB52400279809 /* Debug */ = {
			isa = XCBuildConfiguration;
			buildSettings = {
				ASSETCATALOG_COMPILER_APPICON_NAME = AppIcon;
				ASSETCATALOG_COMPILER_LAUNCHIMAGE_NAME = LaunchImage;
				GCC_PRECOMPILE_PREFIX_HEADER = YES;
				GCC_PREFIX_HEADER = "intern1/intern1-Prefix.pch";
				INFOPLIST_FILE = "intern1/intern1-Info.plist";
				PRODUCT_NAME = "$(TARGET_NAME)";
				WRAPPER_EXTENSION = app;
			};
			name = Debug;
		};
		64C1D59E1BEDB52400279809 /* Release */ = {
			isa = XCBuildConfiguration;
			buildSettings = {
				ASSETCATALOG_COMPILER_APPICON_NAME = AppIcon;
				ASSETCATALOG_COMPILER_LAUNCHIMAGE_NAME = LaunchImage;
				GCC_PRECOMPILE_PREFIX_HEADER = YES;
				GCC_PREFIX_HEADER = "intern1/intern1-Prefix.pch";
				INFOPLIST_FILE = "intern1/intern1-Info.plist";
				PRODUCT_NAME = "$(TARGET_NAME)";
				WRAPPER_EXTENSION = app;
			};
			name = Release;
		};
		64C1D5A01BEDB52400279809 /* Debug */ = {
			isa = XCBuildConfiguration;
			buildSettings = {
				BUNDLE_LOADER = "$(BUILT_PRODUCTS_DIR)/intern1.app/intern1";
				FRAMEWORK_SEARCH_PATHS = (
					"$(SDKROOT)/Developer/Library/Frameworks",
					"$(inherited)",
					"$(DEVELOPER_FRAMEWORKS_DIR)",
				);
				GCC_PRECOMPILE_PREFIX_HEADER = YES;
				GCC_PREFIX_HEADER = "intern1/intern1-Prefix.pch";
				GCC_PREPROCESSOR_DEFINITIONS = (
					"DEBUG=1",
					"$(inherited)",
				);
				INFOPLIST_FILE = "intern1Tests/intern1Tests-Info.plist";
				PRODUCT_NAME = "$(TARGET_NAME)";
				TEST_HOST = "$(BUNDLE_LOADER)";
				WRAPPER_EXTENSION = xctest;
			};
			name = Debug;
		};
		64C1D5A11BEDB52400279809 /* Release */ = {
			isa = XCBuildConfiguration;
			buildSettings = {
				BUNDLE_LOADER = "$(BUILT_PRODUCTS_DIR)/intern1.app/intern1";
				FRAMEWORK_SEARCH_PATHS = (
					"$(SDKROOT)/Developer/Library/Frameworks",
					"$(inherited)",
					"$(DEVELOPER_FRAMEWORKS_DIR)",
				);
				GCC_PRECOMPILE_PREFIX_HEADER = YES;
				GCC_PREFIX_HEADER = "intern1/intern1-Prefix.pch";
				INFOPLIST_FILE = "intern1Tests/intern1Tests-Info.plist";
				PRODUCT_NAME = "$(TARGET_NAME)";
				TEST_HOST = "$(BUNDLE_LOADER)";
				WRAPPER_EXTENSION = xctest;
			};
			name = Release;
		};
/* End XCBuildConfiguration section */

/* Begin XCConfigurationList section */
		64C1D5621BEDB52400279809 /* Build configuration list for PBXProject "intern1" */ = {
			isa = XCConfigurationList;
			buildConfigurations = (
				64C1D59A1BEDB52400279809 /* Debug */,
				64C1D59B1BEDB52400279809 /* Release */,
			);
			defaultConfigurationIsVisible = 0;
			defaultConfigurationName = Release;
		};
		64C1D59C1BEDB52400279809 /* Build configuration list for PBXNativeTarget "intern1" */ = {
			isa = XCConfigurationList;
			buildConfigurations = (
				64C1D59D1BEDB52400279809 /* Debug */,
				64C1D59E1BEDB52400279809 /* Release */,
			);
			defaultConfigurationIsVisible = 0;
		};
		64C1D59F1BEDB52400279809 /* Build configuration list for PBXNativeTarget "intern1Tests" */ = {
			isa = XCConfigurationList;
			buildConfigurations = (
				64C1D5A01BEDB52400279809 /* Debug */,
				64C1D5A11BEDB52400279809 /* Release */,
			);
			defaultConfigurationIsVisible = 0;
		};
/* End XCConfigurationList section */
	};
	rootObject = 64C1D55F1BEDB52400279809 /* Project object */;
}
